
Microsoft Visual Studio Solution File, Format Version 12.00
# Visual Studio Version 17
VisualStudioVersion = 17.10.35027.167
MinimumVisualStudioVersion = 10.0.40219.1
Project("{9A19103F-16F7-4668-BE54-9A1E7A4F7556}") = "MusicBlog.Web", "MusicBlog.Web.csproj", "{D63D779F-8A06-4C11-8EC0-8596B604983C}"
EndProject
Global
	GlobalSection(SolutionConfigurationPlatforms) = preSolution
		Debug|Any CPU = Debug|Any CPU
		Release|Any CPU = Release|Any CPU
	EndGlobalSection
	GlobalSection(ProjectConfigurationPlatforms) = postSolution
		{D63D779F-8A06-4C11-8EC0-8596B604983C}.Debug|Any CPU.ActiveCfg = Debug|Any CPU
		{D63D779F-8A06-4C11-8EC0-8596B604983C}.Debug|Any CPU.Build.0 = Debug|Any CPU
		{D63D779F-8A06-4C11-8EC0-8596B604983C}.Release|Any CPU.ActiveCfg = Release|Any CPU
		{D63D779F-8A06-4C11-8EC0-8596B604983C}.Release|Any CPU.Build.0 = Release|Any CPU
	EndGlobalSection
	GlobalSection(SolutionProperties) = preSolution
		HideSolutionNode = FALSE
	EndGlobalSection
	GlobalSection(ExtensibilityGlobals) = postSolution
		SolutionGuid = {5598DF96-F132-4B83-A3FE-6479A67B3E91}
	EndGlobalSection
EndGlobal
